
Microsoft Visual Studio Solution File, Format Version 12.00
# Visual Studio Version 16
VisualStudioVersion = 16.0.32510.428
MinimumVisualStudioVersion = 10.0.40219.1
Project("{FAE04EC0-301F-11D3-BF4B-00C04F79EFBC}") = "Videos descargadoss", "Videos descargadoss.csproj", "{EA4C8D98-F633-4C7C-8C48-A4D2F22E7F62}"
EndProject
Global
	GlobalSection(SolutionConfigurationPlatforms) = preSolution
		Debug|Any CPU = Debug|Any CPU
		Release|Any CPU = Release|Any CPU
	EndGlobalSection
	GlobalSection(ProjectConfigurationPlatforms) = postSolution
		{EA4C8D98-F633-4C7C-8C48-A4D2F22E7F62}.Debug|Any CPU.ActiveCfg = Debug|Any CPU
		{EA4C8D98-F633-4C7C-8C48-A4D2F22E7F62}.Debug|Any CPU.Build.0 = Debug|Any CPU
		{EA4C8D98-F633-4C7C-8C48-A4D2F22E7F62}.Release|Any CPU.ActiveCfg = Release|Any CPU
		{EA4C8D98-F633-4C7C-8C48-A4D2F22E7F62}.Release|Any CPU.Build.0 = Release|Any CPU
	EndGlobalSection
	GlobalSection(SolutionProperties) = preSolution
		HideSolutionNode = FALSE
	EndGlobalSection
	GlobalSection(ExtensibilityGlobals) = postSolution
		SolutionGuid = {6C3EDE57-CE38-4208-B7B0-03BD33DE4B05}
	EndGlobalSection
EndGlobal
